
Microsoft Visual Studio Solution File, Format Version 12.00
# Visual Studio 2013
VisualStudioVersion = 12.0.21005.1
MinimumVisualStudioVersion = 10.0.40219.1
Project("{FAE04EC0-301F-11D3-BF4B-00C04F79EFBC}") = "LehmaNautaLogic", "LehmaNautaLogic\LehmaNautaLogic.csproj", "{19AD8C6F-7938-4220-94BC-1BC9B37862D6}"
EndProject
Project("{FAE04EC0-301F-11D3-BF4B-00C04F79EFBC}") = "LehmaNautaLogic.Test", "LehmaNautaLogic.Test\LehmaNautaLogic.Test.csproj", "{46CAD4D9-2170-42F1-A56B-A53537AE4CEB}"
EndProject
Project("{FAE04EC0-301F-11D3-BF4B-00C04F79EFBC}") = "LehmaNautaLogicImplementation", "LehmaNautaLogicImplementation\LehmaNautaLogicImplementation.csproj", "{77EFA3D7-F942-4B80-B0D2-E5668DBBB2FB}"
EndProject
Project("{2150E333-8FDC-42A3-9474-1A3956D46DE8}") = "Test", "Test", "{ACE762F5-CE63-4E1C-B76F-F9FA15781718}"
EndProject
Project("{2150E333-8FDC-42A3-9474-1A3956D46DE8}") = "Presentation", "Presentation", "{59ADC231-4FA0-40B2-8B41-088CCBC396E7}"
EndProject
Project("{2150E333-8FDC-42A3-9474-1A3956D46DE8}") = "Logic", "Logic", "{6C71AAFE-50DE-4CA1-8BC8-8A9E4A23388A}"
EndProject
Project("{FAE04EC0-301F-11D3-BF4B-00C04F79EFBC}") = "AnonymousWeb", "AnonymousWeb\AnonymousWeb.csproj", "{8249F8F3-8EBB-4907-A767-F0AB20F54F2B}"
EndProject
Project("{FAE04EC0-301F-11D3-BF4B-00C04F79EFBC}") = "AnonymousWeb.Tests", "AnonymousWeb.Tests\AnonymousWeb.Tests.csproj", "{CC3369D9-4EFE-4DA3-8E53-0A9C971511AA}"
EndProject
Project("{2150E333-8FDC-42A3-9474-1A3956D46DE8}") = "Solution Items", "Solution Items", "{1D855D64-B890-40FC-8DC5-28A1F1AE1C84}"
	ProjectSection(SolutionItems) = preProject
		LN.Repository\readme.md = LN.Repository\readme.md
	EndProjectSection
EndProject
Project("{FAE04EC0-301F-11D3-BF4B-00C04F79EFBC}") = "LehmaNauta.Common", "LehmaNauta.Common\LehmaNauta.Common.csproj", "{998F93E8-F035-4776-B71C-C4D94E68A9EA}"
EndProject
Global
	GlobalSection(SolutionConfigurationPlatforms) = preSolution
		Debug|Any CPU = Debug|Any CPU
		Release|Any CPU = Release|Any CPU
	EndGlobalSection
	GlobalSection(ProjectConfigurationPlatforms) = postSolution
		{19AD8C6F-7938-4220-94BC-1BC9B37862D6}.Debug|Any CPU.ActiveCfg = Debug|Any CPU
		{19AD8C6F-7938-4220-94BC-1BC9B37862D6}.Debug|Any CPU.Build.0 = Debug|Any CPU
		{19AD8C6F-7938-4220-94BC-1BC9B37862D6}.Release|Any CPU.ActiveCfg = Release|Any CPU
		{19AD8C6F-7938-4220-94BC-1BC9B37862D6}.Release|Any CPU.Build.0 = Release|Any CPU
		{46CAD4D9-2170-42F1-A56B-A53537AE4CEB}.Debug|Any CPU.ActiveCfg = Debug|Any CPU
		{46CAD4D9-2170-42F1-A56B-A53537AE4CEB}.Debug|Any CPU.Build.0 = Debug|Any CPU
		{46CAD4D9-2170-42F1-A56B-A53537AE4CEB}.Release|Any CPU.ActiveCfg = Release|Any CPU
		{46CAD4D9-2170-42F1-A56B-A53537AE4CEB}.Release|Any CPU.Build.0 = Release|Any CPU
		{77EFA3D7-F942-4B80-B0D2-E5668DBBB2FB}.Debug|Any CPU.ActiveCfg = Debug|Any CPU
		{77EFA3D7-F942-4B80-B0D2-E5668DBBB2FB}.Debug|Any CPU.Build.0 = Debug|Any CPU
		{77EFA3D7-F942-4B80-B0D2-E5668DBBB2FB}.Release|Any CPU.ActiveCfg = Release|Any CPU
		{77EFA3D7-F942-4B80-B0D2-E5668DBBB2FB}.Release|Any CPU.Build.0 = Release|Any CPU
		{8249F8F3-8EBB-4907-A767-F0AB20F54F2B}.Debug|Any CPU.ActiveCfg = Debug|Any CPU
		{8249F8F3-8EBB-4907-A767-F0AB20F54F2B}.Debug|Any CPU.Build.0 = Debug|Any CPU
		{8249F8F3-8EBB-4907-A767-F0AB20F54F2B}.Release|Any CPU.ActiveCfg = Release|Any CPU
		{8249F8F3-8EBB-4907-A767-F0AB20F54F2B}.Release|Any CPU.Build.0 = Release|Any CPU
		{CC3369D9-4EFE-4DA3-8E53-0A9C971511AA}.Debug|Any CPU.ActiveCfg = Debug|Any CPU
		{CC3369D9-4EFE-4DA3-8E53-0A9C971511AA}.Debug|Any CPU.Build.0 = Debug|Any CPU
		{CC3369D9-4EFE-4DA3-8E53-0A9C971511AA}.Release|Any CPU.ActiveCfg = Release|Any CPU
		{CC3369D9-4EFE-4DA3-8E53-0A9C971511AA}.Release|Any CPU.Build.0 = Release|Any CPU
		{998F93E8-F035-4776-B71C-C4D94E68A9EA}.Debug|Any CPU.ActiveCfg = Debug|Any CPU
		{998F93E8-F035-4776-B71C-C4D94E68A9EA}.Debug|Any CPU.Build.0 = Debug|Any CPU
		{998F93E8-F035-4776-B71C-C4D94E68A9EA}.Release|Any CPU.ActiveCfg = Release|Any CPU
		{998F93E8-F035-4776-B71C-C4D94E68A9EA}.Release|Any CPU.Build.0 = Release|Any CPU
	EndGlobalSection
	GlobalSection(SolutionProperties) = preSolution
		HideSolutionNode = FALSE
	EndGlobalSection
	GlobalSection(NestedProjects) = preSolution
		{77EFA3D7-F942-4B80-B0D2-E5668DBBB2FB} = {6C71AAFE-50DE-4CA1-8BC8-8A9E4A23388A}
		{19AD8C6F-7938-4220-94BC-1BC9B37862D6} = {6C71AAFE-50DE-4CA1-8BC8-8A9E4A23388A}
		{46CAD4D9-2170-42F1-A56B-A53537AE4CEB} = {ACE762F5-CE63-4E1C-B76F-F9FA15781718}
		{CC3369D9-4EFE-4DA3-8E53-0A9C971511AA} = {ACE762F5-CE63-4E1C-B76F-F9FA15781718}
		{8249F8F3-8EBB-4907-A767-F0AB20F54F2B} = {59ADC231-4FA0-40B2-8B41-088CCBC396E7}
	EndGlobalSection
EndGlobal
